
Microsoft Visual Studio Solution File, Format Version 12.00
# Visual Studio Version 16
VisualStudioVersion = 16.0.30907.101
MinimumVisualStudioVersion = 10.0.40219.1
Project("{F2A71F9B-5D33-465A-A702-920D77279786}") = "FSharpStart", "FSharpStart\FSharpStart.fsproj", "{7838A74F-CA5A-4FED-B5EA-2E3A229C70A7}"
EndProject
Global
	GlobalSection(SolutionConfigurationPlatforms) = preSolution
		Debug|Any CPU = Debug|Any CPU
		Release|Any CPU = Release|Any CPU
	EndGlobalSection
	GlobalSection(ProjectConfigurationPlatforms) = postSolution
		{7838A74F-CA5A-4FED-B5EA-2E3A229C70A7}.Debug|Any CPU.ActiveCfg = Debug|Any CPU
		{7838A74F-CA5A-4FED-B5EA-2E3A229C70A7}.Debug|Any CPU.Build.0 = Debug|Any CPU
		{7838A74F-CA5A-4FED-B5EA-2E3A229C70A7}.Release|Any CPU.ActiveCfg = Release|Any CPU
		{7838A74F-CA5A-4FED-B5EA-2E3A229C70A7}.Release|Any CPU.Build.0 = Release|Any CPU
	EndGlobalSection
	GlobalSection(SolutionProperties) = preSolution
		HideSolutionNode = FALSE
	EndGlobalSection
	GlobalSection(ExtensibilityGlobals) = postSolution
		SolutionGuid = {EBE3964B-2179-4497-915C-E95D01A9563B}
	EndGlobalSection
EndGlobal
